# @generated - this file is auto-generated by `mise lock` https://mise.en.dev/dev-tools/mise-lock.html

[[tools."github:KrzysztofCwalina/cop"]]
version = "2026.6.19.7"
backend = "github:KrzysztofCwalina/cop"

[tools."github:KrzysztofCwalina/cop"."platforms.linux-arm64"]
checksum = "sha256:26d793db54c4161525fb737524f95fc59522989a7dd46f573b20656ed91a9bd3"
url = "https://github.com/KrzysztofCwalina/cop/releases/download/v2026.6.19.7/cop-linux-arm64.zip"
url_api = "https://api.github.com/repos/KrzysztofCwalina/cop/releases/assets/452691535"

[tools."github:KrzysztofCwalina/cop"."platforms.linux-arm64-musl"]
checksum = "sha256:26d793db54c4161525fb737524f95fc59522989a7dd46f573b20656ed91a9bd3"
url = "https://github.com/KrzysztofCwalina/cop/releases/download/v2026.6.19.7/cop-linux-arm64.zip"
url_api = "https://api.github.com/repos/KrzysztofCwalina/cop/releases/assets/452691535"

[tools."github:KrzysztofCwalina/cop"."platforms.linux-x64"]
checksum = "sha256:9e3588a76dcce1e3e87314b1bc0e109870fe5047d35a0db67d384824c121991e"
url = "https://github.com/KrzysztofCwalina/cop/releases/download/v2026.6.19.7/cop-linux-x64.zip"
url_api = "https://api.github.com/repos/KrzysztofCwalina/cop/releases/assets/452691536"

[tools."github:KrzysztofCwalina/cop"."platforms.linux-x64-musl"]
checksum = "sha256:9e3588a76dcce1e3e87314b1bc0e109870fe5047d35a0db67d384824c121991e"
url = "https://github.com/KrzysztofCwalina/cop/releases/download/v2026.6.19.7/cop-linux-x64.zip"
url_api = "https://api.github.com/repos/KrzysztofCwalina/cop/releases/assets/452691536"

[tools."github:KrzysztofCwalina/cop"."platforms.macos-arm64"]
checksum = "sha256:44d23b601fe0f5ba5a2cee4bb336b15401a07879b49d54360e2bb4d29abf537f"
url = "https://github.com/KrzysztofCwalina/cop/releases/download/v2026.6.19.7/cop-osx-arm64.zip"
url_api = "https://api.github.com/repos/KrzysztofCwalina/cop/releases/assets/452691532"

[tools."github:KrzysztofCwalina/cop"."platforms.macos-x64"]
checksum = "sha256:74ef662665230a731450786d6617409523bd98aafd2445375fbad4fb5a26962a"
url = "https://github.com/KrzysztofCwalina/cop/releases/download/v2026.6.19.7/cop-osx-x64.zip"
url_api = "https://api.github.com/repos/KrzysztofCwalina/cop/releases/assets/452691537"

[tools."github:KrzysztofCwalina/cop"."platforms.windows-x64"]
checksum = "sha256:a7d3a300db43bc1e1611c56f984bcd40f5da850f7f1e02820f3203782e804b45"
url = "https://github.com/KrzysztofCwalina/cop/releases/download/v2026.6.19.7/cop-win-x64.zip"
url_api = "https://api.github.com/repos/KrzysztofCwalina/cop/releases/assets/452692084"

[[tools.rust]]
version = "1.96.0"
backend = "core:rust"

[tools.rust.options]
components = "clippy,llvm-tools,rustfmt"
